
Microsoft Visual Studio Solution File, Format Version 12.00
# Visual Studio Version 17
VisualStudioVersion = 17.0.31903.59
MinimumVisualStudioVersion = 10.0.40219.1
Project("{FAE04EC0-301F-11D3-BF4B-00C04F79EFBC}") = "API", "API\API.csproj", "{57EF1550-E74B-477D-91DC-ACBD89AD30FC}"
EndProject
Project("{FAE04EC0-301F-11D3-BF4B-00C04F79EFBC}") = "Application", "Application\Application.csproj", "{423BE4AA-1E34-456F-B29C-425A3936F6F0}"
EndProject
Project("{FAE04EC0-301F-11D3-BF4B-00C04F79EFBC}") = "Domain", "Domain\Domain.csproj", "{45C757E0-48A0-44DC-820F-D858911F53E8}"
EndProject
Project("{FAE04EC0-301F-11D3-BF4B-00C04F79EFBC}") = "Persistence", "Persistence\Persistence.csproj", "{E1861050-7185-4BCE-85DB-9C85B67CE2CE}"
EndProject
Global
	GlobalSection(SolutionConfigurationPlatforms) = preSolution
		Debug|Any CPU = Debug|Any CPU
		Release|Any CPU = Release|Any CPU
	EndGlobalSection
	GlobalSection(SolutionProperties) = preSolution
		HideSolutionNode = FALSE
	EndGlobalSection
	GlobalSection(ProjectConfigurationPlatforms) = postSolution
		{57EF1550-E74B-477D-91DC-ACBD89AD30FC}.Debug|Any CPU.ActiveCfg = Debug|Any CPU
		{57EF1550-E74B-477D-91DC-ACBD89AD30FC}.Debug|Any CPU.Build.0 = Debug|Any CPU
		{57EF1550-E74B-477D-91DC-ACBD89AD30FC}.Release|Any CPU.ActiveCfg = Release|Any CPU
		{57EF1550-E74B-477D-91DC-ACBD89AD30FC}.Release|Any CPU.Build.0 = Release|Any CPU
		{423BE4AA-1E34-456F-B29C-425A3936F6F0}.Debug|Any CPU.ActiveCfg = Debug|Any CPU
		{423BE4AA-1E34-456F-B29C-425A3936F6F0}.Debug|Any CPU.Build.0 = Debug|Any CPU
		{423BE4AA-1E34-456F-B29C-425A3936F6F0}.Release|Any CPU.ActiveCfg = Release|Any CPU
		{423BE4AA-1E34-456F-B29C-425A3936F6F0}.Release|Any CPU.Build.0 = Release|Any CPU
		{45C757E0-48A0-44DC-820F-D858911F53E8}.Debug|Any CPU.ActiveCfg = Debug|Any CPU
		{45C757E0-48A0-44DC-820F-D858911F53E8}.Debug|Any CPU.Build.0 = Debug|Any CPU
		{45C757E0-48A0-44DC-820F-D858911F53E8}.Release|Any CPU.ActiveCfg = Release|Any CPU
		{45C757E0-48A0-44DC-820F-D858911F53E8}.Release|Any CPU.Build.0 = Release|Any CPU
		{E1861050-7185-4BCE-85DB-9C85B67CE2CE}.Debug|Any CPU.ActiveCfg = Debug|Any CPU
		{E1861050-7185-4BCE-85DB-9C85B67CE2CE}.Debug|Any CPU.Build.0 = Debug|Any CPU
		{E1861050-7185-4BCE-85DB-9C85B67CE2CE}.Release|Any CPU.ActiveCfg = Release|Any CPU
		{E1861050-7185-4BCE-85DB-9C85B67CE2CE}.Release|Any CPU.Build.0 = Release|Any CPU
	EndGlobalSection
EndGlobal
